
Microsoft Visual Studio Solution File, Format Version 12.00
# Visual Studio 15
Project("{FAE04EC0-301F-11D3-BF4B-00C04F79EFBC}") = "DialogGame", "Assembly-CSharp.csproj", "{AA44B639-DB84-D722-9A65-8C149F6D760F}"
EndProject
Project("{FAE04EC0-301F-11D3-BF4B-00C04F79EFBC}") = "DialogGame", "Assembly-CSharp-Editor.csproj", "{0D3D6759-A23B-0169-94F2-CC75857D1A59}"
EndProject
Global
	GlobalSection(SolutionConfigurationPlatforms) = preSolution
		Debug|Any CPU = Debug|Any CPU
		Release|Any CPU = Release|Any CPU
	EndGlobalSection
	GlobalSection(ProjectConfigurationPlatforms) = postSolution
		{AA44B639-DB84-D722-9A65-8C149F6D760F}.Debug|Any CPU.ActiveCfg = Debug|Any CPU
		{AA44B639-DB84-D722-9A65-8C149F6D760F}.Debug|Any CPU.Build.0 = Debug|Any CPU
		{AA44B639-DB84-D722-9A65-8C149F6D760F}.Release|Any CPU.ActiveCfg = Release|Any CPU
		{AA44B639-DB84-D722-9A65-8C149F6D760F}.Release|Any CPU.Build.0 = Release|Any CPU
		{0D3D6759-A23B-0169-94F2-CC75857D1A59}.Debug|Any CPU.ActiveCfg = Debug|Any CPU
		{0D3D6759-A23B-0169-94F2-CC75857D1A59}.Debug|Any CPU.Build.0 = Debug|Any CPU
		{0D3D6759-A23B-0169-94F2-CC75857D1A59}.Release|Any CPU.ActiveCfg = Release|Any CPU
		{0D3D6759-A23B-0169-94F2-CC75857D1A59}.Release|Any CPU.Build.0 = Release|Any CPU
	EndGlobalSection
	GlobalSection(SolutionProperties) = preSolution
		HideSolutionNode = FALSE
	EndGlobalSection
EndGlobal
